
Microsoft Visual Studio Solution File, Format Version 12.00
# Visual Studio 15
Project("{FAE04EC0-301F-11D3-BF4B-00C04F79EFBC}") = "lab1.Android", "lab1.Android\lab1.Android.csproj", "{5FD50C3F-CE19-4299-88DB-7B5A829B878A}"
EndProject
Project("{FAE04EC0-301F-11D3-BF4B-00C04F79EFBC}") = "lab1.iOS", "lab1.iOS\lab1.iOS.csproj", "{821360A8-9C55-429A-A41C-AD7926D7AC9A}"
EndProject
Project("{FAE04EC0-301F-11D3-BF4B-00C04F79EFBC}") = "lab1", "lab1\lab1.csproj", "{2AFDB55F-0C32-45F3-8C9C-587E3FCB92A0}"
EndProject
Global
	GlobalSection(SolutionConfigurationPlatforms) = preSolution
		Debug|Any CPU = Debug|Any CPU
		Release|Any CPU = Release|Any CPU
		Debug|iPhoneSimulator = Debug|iPhoneSimulator
		Release|iPhoneSimulator = Release|iPhoneSimulator
		Debug|iPhone = Debug|iPhone
		Release|iPhone = Release|iPhone
	EndGlobalSection
	GlobalSection(ProjectConfigurationPlatforms) = postSolution
		{5FD50C3F-CE19-4299-88DB-7B5A829B878A}.Debug|Any CPU.ActiveCfg = Debug|Any CPU
		{5FD50C3F-CE19-4299-88DB-7B5A829B878A}.Debug|Any CPU.Build.0 = Debug|Any CPU
		{5FD50C3F-CE19-4299-88DB-7B5A829B878A}.Release|Any CPU.ActiveCfg = Release|Any CPU
		{5FD50C3F-CE19-4299-88DB-7B5A829B878A}.Release|Any CPU.Build.0 = Release|Any CPU
		{5FD50C3F-CE19-4299-88DB-7B5A829B878A}.Debug|iPhoneSimulator.ActiveCfg = Debug|Any CPU
		{5FD50C3F-CE19-4299-88DB-7B5A829B878A}.Debug|iPhoneSimulator.Build.0 = Debug|Any CPU
		{5FD50C3F-CE19-4299-88DB-7B5A829B878A}.Release|iPhoneSimulator.ActiveCfg = Release|Any CPU
		{5FD50C3F-CE19-4299-88DB-7B5A829B878A}.Release|iPhoneSimulator.Build.0 = Release|Any CPU
		{5FD50C3F-CE19-4299-88DB-7B5A829B878A}.Debug|iPhone.ActiveCfg = Debug|Any CPU
		{5FD50C3F-CE19-4299-88DB-7B5A829B878A}.Debug|iPhone.Build.0 = Debug|Any CPU
		{5FD50C3F-CE19-4299-88DB-7B5A829B878A}.Release|iPhone.ActiveCfg = Release|Any CPU
		{5FD50C3F-CE19-4299-88DB-7B5A829B878A}.Release|iPhone.Build.0 = Release|Any CPU
		{821360A8-9C55-429A-A41C-AD7926D7AC9A}.Debug|Any CPU.ActiveCfg = Debug|iPhoneSimulator
		{821360A8-9C55-429A-A41C-AD7926D7AC9A}.Debug|Any CPU.Build.0 = Debug|iPhoneSimulator
		{821360A8-9C55-429A-A41C-AD7926D7AC9A}.Release|Any CPU.ActiveCfg = Release|iPhoneSimulator
		{821360A8-9C55-429A-A41C-AD7926D7AC9A}.Release|Any CPU.Build.0 = Release|iPhoneSimulator
		{821360A8-9C55-429A-A41C-AD7926D7AC9A}.Debug|iPhoneSimulator.ActiveCfg = Debug|iPhoneSimulator
		{821360A8-9C55-429A-A41C-AD7926D7AC9A}.Debug|iPhoneSimulator.Build.0 = Debug|iPhoneSimulator
		{821360A8-9C55-429A-A41C-AD7926D7AC9A}.Release|iPhoneSimulator.ActiveCfg = Release|iPhoneSimulator
		{821360A8-9C55-429A-A41C-AD7926D7AC9A}.Release|iPhoneSimulator.Build.0 = Release|iPhoneSimulator
		{821360A8-9C55-429A-A41C-AD7926D7AC9A}.Debug|iPhone.ActiveCfg = Debug|iPhone
		{821360A8-9C55-429A-A41C-AD7926D7AC9A}.Debug|iPhone.Build.0 = Debug|iPhone
		{821360A8-9C55-429A-A41C-AD7926D7AC9A}.Release|iPhone.ActiveCfg = Release|iPhone
		{821360A8-9C55-429A-A41C-AD7926D7AC9A}.Release|iPhone.Build.0 = Release|iPhone
		{2AFDB55F-0C32-45F3-8C9C-587E3FCB92A0}.Debug|Any CPU.ActiveCfg = Debug|Any CPU
		{2AFDB55F-0C32-45F3-8C9C-587E3FCB92A0}.Debug|Any CPU.Build.0 = Debug|Any CPU
		{2AFDB55F-0C32-45F3-8C9C-587E3FCB92A0}.Release|Any CPU.ActiveCfg = Release|Any CPU
		{2AFDB55F-0C32-45F3-8C9C-587E3FCB92A0}.Release|Any CPU.Build.0 = Release|Any CPU
		{2AFDB55F-0C32-45F3-8C9C-587E3FCB92A0}.Debug|iPhoneSimulator.ActiveCfg = Debug|Any CPU
		{2AFDB55F-0C32-45F3-8C9C-587E3FCB92A0}.Debug|iPhoneSimulator.Build.0 = Debug|Any CPU
		{2AFDB55F-0C32-45F3-8C9C-587E3FCB92A0}.Release|iPhoneSimulator.ActiveCfg = Release|Any CPU
		{2AFDB55F-0C32-45F3-8C9C-587E3FCB92A0}.Release|iPhoneSimulator.Build.0 = Release|Any CPU
		{2AFDB55F-0C32-45F3-8C9C-587E3FCB92A0}.Debug|iPhone.ActiveCfg = Debug|Any CPU
		{2AFDB55F-0C32-45F3-8C9C-587E3FCB92A0}.Debug|iPhone.Build.0 = Debug|Any CPU
		{2AFDB55F-0C32-45F3-8C9C-587E3FCB92A0}.Release|iPhone.ActiveCfg = Release|Any CPU
		{2AFDB55F-0C32-45F3-8C9C-587E3FCB92A0}.Release|iPhone.Build.0 = Release|Any CPU
	EndGlobalSection
EndGlobal
